// !$*UTF8*$!
{
	archiveVersion = 1;
	classes = {
	};
	objectVersion = 77;
	objects = {

/* Begin PBXBuildFile section */
		0534DEB0A7B091EF9D597E2D /* ExercisePickerView.swift in Sources */ = {isa = PBXBuildFile; fileRef = 1CDCCB752674FACD16E4C822 /* ExercisePickerView.swift */; };
		07016E310FA677ABFA070E29 /* WorkoutSessionViewModelTests.swift in Sources */ = {isa = PBXBuildFile; fileRef = 3B60D8CBFDE805C98DE270F5 /* WorkoutSessionViewModelTests.swift */; };
		0C490A53F9A4BA14532BD19B /* HealthKitActivityMappingTests.swift in Sources */ = {isa = PBXBuildFile; fileRef = 258EF55C8F56FFABB9AEA7B4 /* HealthKitActivityMappingTests.swift */; };
		0C8D31B77C850D8149ECA4BA /* ChallengeSeeder.swift in Sources */ = {isa = PBXBuildFile; fileRef = E872799DD96BDF2469FF5C83 /* ChallengeSeeder.swift */; };
		10500915DEE65D72DBB95136 /* WidgetSnapshotRefresher.swift in Sources */ = {isa = PBXBuildFile; fileRef = 7C556B609A440BACE2B480B7 /* WidgetSnapshotRefresher.swift */; };
		14377C4B9CB8913795C69422 /* WorkoutProgramNextEntry.swift in Sources */ = {isa = PBXBuildFile; fileRef = 615F150E98D3DD52B7789A08 /* WorkoutProgramNextEntry.swift */; };
		16CA9B3E7897F334C530FE37 /* DSChip.swift in Sources */ = {isa = PBXBuildFile; fileRef = 5C1D2F378421F5BFF3660837 /* DSChip.swift */; };
		18E2E9DFD3340078BDE80B3C /* HealthKitServicing.swift in Sources */ = {isa = PBXBuildFile; fileRef = F6D8FD6ADC4422A299C844E5 /* HealthKitServicing.swift */; };
		1AD63803A1949004C42C58DE /* WidgetSnapshotStore.swift in Sources */ = {isa = PBXBuildFile; fileRef = 36AF6316E4816626B4FC7973 /* WidgetSnapshotStore.swift */; };
		1B26CD96147CFB25AEE922EF /* SchemaV1+Challenge.swift in Sources */ = {isa = PBXBuildFile; fileRef = FDBF8ADC50402D78CBB13015 /* SchemaV1+Challenge.swift */; };
		1FC97B8CA44D1ADAC79087AC /* HeatmapColorMapping.swift in Sources */ = {isa = PBXBuildFile; fileRef = D0FD2B8964C815DA10F72DBB /* HeatmapColorMapping.swift */; };
		212F585BF5CB5276C80D7D3B /* SessionSource.swift in Sources */ = {isa = PBXBuildFile; fileRef = 5E0B2CD3EE9CD701D7B05AA4 /* SessionSource.swift */; };
		22F26BFBD0C9E9A9DF9BA0D6 /* AdaptiveHeatmapGrid.swift in Sources */ = {isa = PBXBuildFile; fileRef = 49F6B00CC2B09514F6739314 /* AdaptiveHeatmapGrid.swift */; };
		23B277DCFFDEFB6DD4ADFE94 /* WorkoutSessionFormatting.swift in Sources */ = {isa = PBXBuildFile; fileRef = 1F7859DC280D2611C6D47CA2 /* WorkoutSessionFormatting.swift */; };
		256369B8CCAFACD807EDC18A /* SettingsViewModelTests.swift in Sources */ = {isa = PBXBuildFile; fileRef = 99438448D197E4D1601D1F8A /* SettingsViewModelTests.swift */; };
		26F1AF50F0B4F0295B11177F /* ChallengesViewModel.swift in Sources */ = {isa = PBXBuildFile; fileRef = 7C9E68DFA1ECC648619E1FEF /* ChallengesViewModel.swift */; };
		2C449E0656F4E38627819062 /* DSWashedScreen.swift in Sources */ = {isa = PBXBuildFile; fileRef = E1A998FFAB353C55569407D7 /* DSWashedScreen.swift */; };
		336A1D0735464967A016447D /* WidgetSnapshotStore.swift in Sources */ = {isa = PBXBuildFile; fileRef = 36AF6316E4816626B4FC7973 /* WidgetSnapshotStore.swift */; };
		3637546AEBCF53152FE3DD46 /* SettingsView.swift in Sources */ = {isa = PBXBuildFile; fileRef = D4BD1625E18AF7AA12F1CDF3 /* SettingsView.swift */; };
		36509339400CDE1354BB0046 /* Spacing.swift in Sources */ = {isa = PBXBuildFile; fileRef = CA23376A1C8438FCC5EEE020 /* Spacing.swift */; };
		376A7EA1D82D59E1876E3656 /* Colors.swift in Sources */ = {isa = PBXBuildFile; fileRef = 90EDE269C4D8C0D81994026F /* Colors.swift */; };
		39741D38A48D0038B4D4F34F /* WorkoutsView.swift in Sources */ = {isa = PBXBuildFile; fileRef = 0708FC1DE47BA8E8E88A568D /* WorkoutsView.swift */; };
		3A38F61FE9A5BF61D7246ECC /* DayCount.swift in Sources */ = {isa = PBXBuildFile; fileRef = 03D99329D2EDA9EDD0AD4BDF /* DayCount.swift */; };
		3A44E88F5141E0D29BD98168 /* CollapsedExerciseRow.swift in Sources */ = {isa = PBXBuildFile; fileRef = B53BEB83DB8DC83FD8DC15A0 /* CollapsedExerciseRow.swift */; };
		3ADA74B9DC1C46AD31E8D6AB /* WeeklyReviewChart.swift in Sources */ = {isa = PBXBuildFile; fileRef = E85C68F05BF008D3F81EBBEE /* WeeklyReviewChart.swift */; };
		3C7B4987189BE0A352677B1E /* LiveActivityContentStateTests.swift in Sources */ = {isa = PBXBuildFile; fileRef = AEFB1B089F70B9DCEEF2A128 /* LiveActivityContentStateTests.swift */; };
		3D5F4136353AE670B442E7A0 /* ChallengeTests.swift in Sources */ = {isa = PBXBuildFile; fileRef = C9E7240BCA82EB3CABAFE10A /* ChallengeTests.swift */; };
		4118E98D88D5C13C4C335D06 /* WorkoutDetailView.swift in Sources */ = {isa = PBXBuildFile; fileRef = CD6F35ED62FBEBDF8D4D8DC9 /* WorkoutDetailView.swift */; };
		4420886574003F9F36C9BC08 /* Manrope-Variable.ttf in Resources */ = {isa = PBXBuildFile; fileRef = 40867141BB40BB15BECDA9EC /* Manrope-Variable.ttf */; };
		4B3D3245C376BA77C6C26FC0 /* SchemaV1+SegmentLog.swift in Sources */ = {isa = PBXBuildFile; fileRef = 1B02311DABA0EEE4E1A129D9 /* SchemaV1+SegmentLog.swift */; };
		4D8513FB31BA55FB1B7C0D03 /* WorkoutEditorView.swift in Sources */ = {isa = PBXBuildFile; fileRef = 58D5FC53ECB47CACEC61CB1C /* WorkoutEditorView.swift */; };
		505F860F5C821895B0A70801 /* WidgetSnapshotWritingTests.swift in Sources */ = {isa = PBXBuildFile; fileRef = D9EFA2C1186AE82F016C4C25 /* WidgetSnapshotWritingTests.swift */; };
		55E521C3F8E44740B3D58CFF /* WorkoutPickerView.swift in Sources */ = {isa = PBXBuildFile; fileRef = C784CB0D77C65225C03B476C /* WorkoutPickerView.swift */; };
		576C74D76FD15C96406A071C /* SchemaV1+Exercise.swift in Sources */ = {isa = PBXBuildFile; fileRef = 229A4F2A427C46ED9E4C3FF4 /* SchemaV1+Exercise.swift */; };
		59FDD48D09918595E35632CF /* ChallengeEnrollmentCard.swift in Sources */ = {isa = PBXBuildFile; fileRef = 8546DD1635FEFD84843BBA18 /* ChallengeEnrollmentCard.swift */; };
		5B05AF44995CBDE1C540B224 /* RecentPersonalRecordsList.swift in Sources */ = {isa = PBXBuildFile; fileRef = F4C8B7F10488E935DA92BD24 /* RecentPersonalRecordsList.swift */; };
		5B20E8B882BB43821803125D /* WorkoutProgramEditorView.swift in Sources */ = {isa = PBXBuildFile; fileRef = EE95EE1ADB6D0D868B6738FF /* WorkoutProgramEditorView.swift */; };
		5C8389CB515CC1FF7C411342 /* WorkoutSessionActivityAttributes.swift in Sources */ = {isa = PBXBuildFile; fileRef = 917207DF834EA6A967870DAB /* WorkoutSessionActivityAttributes.swift */; };
		5CF12E38399B2859CE23FFA7 /* SetRow.swift in Sources */ = {isa = PBXBuildFile; fileRef = 8D92FE7B4DEF77951ADFD9CA /* SetRow.swift */; };
		5F856985D9B4F3625CA862C4 /* WorkoutTrackerWidgetBundle.swift in Sources */ = {isa = PBXBuildFile; fileRef = F1AE03633E38200C8B151A7D /* WorkoutTrackerWidgetBundle.swift */; };
		64634F6E6D02534E49106609 /* SchemaV1+PersonalRecord.swift in Sources */ = {isa = PBXBuildFile; fileRef = 826A3BA69E07B8C4B4AFAC94 /* SchemaV1+PersonalRecord.swift */; };
		64BDFFF7D9773659541DCF26 /* PreviousSessionComparisonCard.swift in Sources */ = {isa = PBXBuildFile; fileRef = 02FB8A6EE359FFE8DCB7D641 /* PreviousSessionComparisonCard.swift */; };
		66E1ABCF21B5B6F336CC1831 /* Colors.swift in Sources */ = {isa = PBXBuildFile; fileRef = 90EDE269C4D8C0D81994026F /* Colors.swift */; };
		68C42F5BFCB2A59D0286F8AF /* WorkoutSessionView.swift in Sources */ = {isa = PBXBuildFile; fileRef = C2AC690E6F15746A8B4C2C44 /* WorkoutSessionView.swift */; };
		70839D0DD6C394334055685D /* DSProgressRing.swift in Sources */ = {isa = PBXBuildFile; fileRef = 1B3A8DDC438A069C669E5304 /* DSProgressRing.swift */; };
		719DE629A492A528654F4E66 /* RestTimerView.swift in Sources */ = {isa = PBXBuildFile; fileRef = C02823194615D7E26E386B3C /* RestTimerView.swift */; };
		7329850F9DE32881C2E98817 /* ChallengeCatalogRow.swift in Sources */ = {isa = PBXBuildFile; fileRef = 653EFC65B2A707C03D71DDF0 /* ChallengeCatalogRow.swift */; };
		7740FF94DD6F668BD9A0D46B /* DSButton.swift in Sources */ = {isa = PBXBuildFile; fileRef = 1576F058778640D9FED820FC /* DSButton.swift */; };
		78396EA19321DF3BC4ECD8D3 /* SchemaV1+SetLog.swift in Sources */ = {isa = PBXBuildFile; fileRef = 54A273B85536E1C298F113E3 /* SchemaV1+SetLog.swift */; };
		788EBD095ACFD0CF48BDA4EE /* Assets.xcassets in Resources */ = {isa = PBXBuildFile; fileRef = EE9617577EC2B1EE77CC2E63 /* Assets.xcassets */; };
		798C53DD2E5E3EC27DA6DABB /* HealthKitService.swift in Sources */ = {isa = PBXBuildFile; fileRef = 4C2D48701CEFFAB8922366E8 /* HealthKitService.swift */; };
		7A0F859389A5BE397B2B7E22 /* WorkoutSessionLiveActivity.swift in Sources */ = {isa = PBXBuildFile; fileRef = E17A68AF8CF7CF462789B406 /* WorkoutSessionLiveActivity.swift */; };
		7B38F4CD3609B10CB7FDAADE /* DashboardView.swift in Sources */ = {isa = PBXBuildFile; fileRef = 2AAF9B4E9173475EF797226C /* DashboardView.swift */; };
		7B64ECAD42DF9158C32821EB /* HeatmapWidget.swift in Sources */ = {isa = PBXBuildFile; fileRef = C51A024FD089A0DC5B698690 /* HeatmapWidget.swift */; };
		7DA113EB04A7519368820467 /* ModelTests.swift in Sources */ = {isa = PBXBuildFile; fileRef = 52C6FE587C01375FFA815EB3 /* ModelTests.swift */; };
		81735A612B39CBBC0E8E5FFF /* HealthKitImportViewModelTests.swift in Sources */ = {isa = PBXBuildFile; fileRef = FF8A26F8783E87BBE67F2BB5 /* HealthKitImportViewModelTests.swift */; };
		82B13A19C7630DC6C4EA1754 /* SchemaV1+PlannedSegment.swift in Sources */ = {isa = PBXBuildFile; fileRef = 4A3237DB65D3EE1670DA4585 /* SchemaV1+PlannedSegment.swift */; };
		841BAEB43230CD3A4932A96B /* MockHealthKitService.swift in Sources */ = {isa = PBXBuildFile; fileRef = 0AE8B40DC674C6AC438614F4 /* MockHealthKitService.swift */; };
		84DE745B11CF1FF871AB6633 /* Motion.swift in Sources */ = {isa = PBXBuildFile; fileRef = 8FF35A24F27984F580681126 /* Motion.swift */; };
		86B8F5AFCA6F760E0A9FA220 /* WorkoutEditorViewModelTests.swift in Sources */ = {isa = PBXBuildFile; fileRef = 882F1CDA0D7699CF1E2AF2F8 /* WorkoutEditorViewModelTests.swift */; };
		8805E4EC7C08754C6B7D8E03 /* DurationFormatting.swift in Sources */ = {isa = PBXBuildFile; fileRef = 4350E4AC950B9871AD1E134A /* DurationFormatting.swift */; };
		88DC40707F734AD75623A9BF /* SchemaV1+PlannedExercise.swift in Sources */ = {isa = PBXBuildFile; fileRef = 5102138A25A25445C1AFED84 /* SchemaV1+PlannedExercise.swift */; };
		892F01CA31F655F540AA165E /* DSWheelPickerField.swift in Sources */ = {isa = PBXBuildFile; fileRef = ECD1E17408F4115D3E02E70B /* DSWheelPickerField.swift */; };
		8AA6E817B6D2EABE5148B3F9 /* DSIcon.swift in Sources */ = {isa = PBXBuildFile; fileRef = CAFE7837E03537840D5F9E29 /* DSIcon.swift */; };
		8B1FBD586804CBB859155AAC /* SchemaV1+ChallengeProgressEntry.swift in Sources */ = {isa = PBXBuildFile; fileRef = B7954CCBD829E66C2456FDF9 /* SchemaV1+ChallengeProgressEntry.swift */; };
		90F9C5DBC6A64970ED281D61 /* WorkoutEditorViewModel.swift in Sources */ = {isa = PBXBuildFile; fileRef = 7C48C5AD70BE5312D3B5BF37 /* WorkoutEditorViewModel.swift */; };
		9186A9CBEAE3172BC2EFC7E6 /* Radius.swift in Sources */ = {isa = PBXBuildFile; fileRef = 16036100EB46E8A6AED3563A /* Radius.swift */; };
		91EB7932AB3CAF8862687CA5 /* ContributionHeatmapView.swift in Sources */ = {isa = PBXBuildFile; fileRef = 8DE33348299B4AB27FB3DA3E /* ContributionHeatmapView.swift */; };
		9558B41037B60059FF2943B1 /* SchemaV1+ChallengeEnrollment.swift in Sources */ = {isa = PBXBuildFile; fileRef = 6B894ADA7C4B6CE021683B58 /* SchemaV1+ChallengeEnrollment.swift */; };
		9C9B579DFC867DF46F6AB114 /* WorkoutProgramEditorViewModel.swift in Sources */ = {isa = PBXBuildFile; fileRef = 1647EF586428B8FE93B62DC1 /* WorkoutProgramEditorViewModel.swift */; };
		A4C43683782002D6FC99AC11 /* SetProgressBar.swift in Sources */ = {isa = PBXBuildFile; fileRef = 2FF2DCC17C81CDD148ECC6F5 /* SetProgressBar.swift */; };
		AA52FDAFE04499408FD0C528 /* NextWorkoutWidget.swift in Sources */ = {isa = PBXBuildFile; fileRef = C7AA664EA24819DC2C5E4CC8 /* NextWorkoutWidget.swift */; };
		AF7DCDEFC2EC5545DAD794BA /* HealthKitImportView.swift in Sources */ = {isa = PBXBuildFile; fileRef = 5CF6E6EF8D3524C51016160F /* HealthKitImportView.swift */; };
		B3294B03E1D552B81787BA11 /* HealthKitImportViewModel.swift in Sources */ = {isa = PBXBuildFile; fileRef = 318649E12811F668C2EA95A6 /* HealthKitImportViewModel.swift */; };
		B7C4F52D069105B3E8F499E4 /* WorkoutTrackerMigrationPlan.swift in Sources */ = {isa = PBXBuildFile; fileRef = AAA716CA17B45F1F243DC6BC /* WorkoutTrackerMigrationPlan.swift */; };
		B8175D34170F4AED1F8CBAED /* DayCount.swift in Sources */ = {isa = PBXBuildFile; fileRef = 03D99329D2EDA9EDD0AD4BDF /* DayCount.swift */; };
		BA532A5A6FA98C950510B2D2 /* ContentView.swift in Sources */ = {isa = PBXBuildFile; fileRef = CB5CBC31F5C46E70A4B6D4CE /* ContentView.swift */; };
		BB32590BC49109224852506D /* WorkoutTrackerWidgetExtension.appex in Embed Foundation Extensions */ = {isa = PBXBuildFile; fileRef = 196DE07C1952880E53D3CF14 /* WorkoutTrackerWidgetExtension.appex */; settings = {ATTRIBUTES = (RemoveHeadersOnCopy, ); }; };
		BB62661FAAE1B72D8962E38C /* DSCard.swift in Sources */ = {isa = PBXBuildFile; fileRef = 3E2CEEC7AA6D455458C8ED9C /* DSCard.swift */; };
		BEF45BFD17E714BF734923FB /* Typography.swift in Sources */ = {isa = PBXBuildFile; fileRef = C5F756DBC2BDE32CEC156D9F /* Typography.swift */; };
		C6B55FD643A9DFDD73CB881A /* PersonalRecordDetection.swift in Sources */ = {isa = PBXBuildFile; fileRef = 2DC7E2FE2C5800BB4EB72D9A /* PersonalRecordDetection.swift */; };
		C7303B7C33E99CEE63D8BD81 /* ActivityType.swift in Sources */ = {isa = PBXBuildFile; fileRef = 9F7C443464076FF798316624 /* ActivityType.swift */; };
		D14F76CF0A2596E87EF9CE57 /* HeatmapColorMapping.swift in Sources */ = {isa = PBXBuildFile; fileRef = D0FD2B8964C815DA10F72DBB /* HeatmapColorMapping.swift */; };
		D252ABF7F32493AA02122785 /* SchemaV1.swift in Sources */ = {isa = PBXBuildFile; fileRef = E343F538B1185F0474A65F73 /* SchemaV1.swift */; };
		D97B4539235372D08AB63509 /* WorkoutSessionActivityAttributes.swift in Sources */ = {isa = PBXBuildFile; fileRef = 917207DF834EA6A967870DAB /* WorkoutSessionActivityAttributes.swift */; };
		E04240F65A3A60E5ED72E7CE /* HealthKitActivityMapping.swift in Sources */ = {isa = PBXBuildFile; fileRef = 46F4654D9F6B044956020A2A /* HealthKitActivityMapping.swift */; };
		E6C0AF7195A0B2DA6C259EFF /* ActiveExerciseCard.swift in Sources */ = {isa = PBXBuildFile; fileRef = 135008F6E33561CD8B526489 /* ActiveExerciseCard.swift */; };
		E7BDBFCA03473DE6249CEBF9 /* TopVolumeList.swift in Sources */ = {isa = PBXBuildFile; fileRef = 76F12D26A87E89F47568B95C /* TopVolumeList.swift */; };
		E8F14E95FDFED307B2DC2042 /* WorkoutTrackerApp.swift in Sources */ = {isa = PBXBuildFile; fileRef = D48BD9386FBE1872BB0B6849 /* WorkoutTrackerApp.swift */; };
		EAB5907339D101CCC12CDBCD /* TestSupport.swift in Sources */ = {isa = PBXBuildFile; fileRef = 44DF0B8D665CFD0171B24381 /* TestSupport.swift */; };
		EB968A728441404991A81F55 /* ChallengeInsights.swift in Sources */ = {isa = PBXBuildFile; fileRef = 41A322E4D8C8D98D2E12B176 /* ChallengeInsights.swift */; };
		EC523F2A35EC23B113128E4B /* WorkoutFeedbackView.swift in Sources */ = {isa = PBXBuildFile; fileRef = CB06A2CACAB61B9DB6216C99 /* WorkoutFeedbackView.swift */; };
		ED1A3B0AC65B39F7CC9E7C35 /* SetValueField.swift in Sources */ = {isa = PBXBuildFile; fileRef = 3E904D183883B00315E573FE /* SetValueField.swift */; };
		EDEBD13ED80684980689CFA4 /* ExerciseSeeder.swift in Sources */ = {isa = PBXBuildFile; fileRef = BDF513B74434682866955CBD /* ExerciseSeeder.swift */; };
		EE17AC9D900894DCB00696A4 /* SchemaV1+Workout.swift in Sources */ = {isa = PBXBuildFile; fileRef = 48B12D81333B0806B656CF51 /* SchemaV1+Workout.swift */; };
		EF319B063554676C3F9EBB82 /* ChallengeType.swift in Sources */ = {isa = PBXBuildFile; fileRef = 7D55861B369A6A6599A51AC1 /* ChallengeType.swift */; };
		F1DE5D7259A4DBFFDAD8108E /* ChallengeProgressMaterialization.swift in Sources */ = {isa = PBXBuildFile; fileRef = 87A1E0FADAF754D053343A0B /* ChallengeProgressMaterialization.swift */; };
		F2A0F97205C56E395A495F90 /* WorkoutSessionViewModel.swift in Sources */ = {isa = PBXBuildFile; fileRef = B64AAAAE1EBBAB3F3BD2262D /* WorkoutSessionViewModel.swift */; };
		F60CE417EDDFF11B6F52C831 /* ChallengesView.swift in Sources */ = {isa = PBXBuildFile; fileRef = BBC30F40BAB3CB81E363B26A /* ChallengesView.swift */; };
		F633E3C6B0BCC4B8FFD410AB /* SchemaV1+WorkoutProgram.swift in Sources */ = {isa = PBXBuildFile; fileRef = A39E9AD8A84C54758A03A6D1 /* SchemaV1+WorkoutProgram.swift */; };
		FC06A2916137B2FF15CB4C33 /* DSStatTile.swift in Sources */ = {isa = PBXBuildFile; fileRef = 36EC5DC7C5D1A211D5D616F1 /* DSStatTile.swift */; };
		FC2A1C47350BAC204499A4CE /* SchemaV1+WorkoutSession.swift in Sources */ = {isa = PBXBuildFile; fileRef = 59A871009FB535591864EAC0 /* SchemaV1+WorkoutSession.swift */; };
		FE6612CD8E1F8DF7EF79473D /* MuscleGroup.swift in Sources */ = {isa = PBXBuildFile; fileRef = F00A363B376A6B83BD1579D7 /* MuscleGroup.swift */; };
		FEA764A1CC2B82728BEC2A7F /* WorkoutProgramDetailView.swift in Sources */ = {isa = PBXBuildFile; fileRef = 9BD43E123BAA745B91E2E6B5 /* WorkoutProgramDetailView.swift */; };
		FFEEE90952C7E58A0904FC10 /* SettingsViewModel.swift in Sources */ = {isa = PBXBuildFile; fileRef = 158049C52F19678E8CC8F33A /* SettingsViewModel.swift */; };
/* End PBXBuildFile section */

/* Begin PBXContainerItemProxy section */
		321DAC34C285EC82241507C6 /* PBXContainerItemProxy */ = {
			isa = PBXContainerItemProxy;
			containerPortal = 911E322F47B92A6FA8D976C0 /* Project object */;
			proxyType = 1;
			remoteGlobalIDString = 6467659005103B3F100F0D23;
			remoteInfo = WorkoutTracker;
		};
		3A4001A45C1070E9190A1A47 /* PBXContainerItemProxy */ = {
			isa = PBXContainerItemProxy;
			containerPortal = 911E322F47B92A6FA8D976C0 /* Project object */;
			proxyType = 1;
			remoteGlobalIDString = D38A61E76CE75DC580E3EA43;
			remoteInfo = WorkoutTrackerWidgetExtension;
		};
/* End PBXContainerItemProxy section */

/* Begin PBXCopyFilesBuildPhase section */
		FDEF0D644E81991E7EB34259 /* Embed Foundation Extensions */ = {
			isa = PBXCopyFilesBuildPhase;
			buildActionMask = 2147483647;
			dstPath = "";
			dstSubfolderSpec = 13;
			files = (
				BB32590BC49109224852506D /* WorkoutTrackerWidgetExtension.appex in Embed Foundation Extensions */,
			);
			name = "Embed Foundation Extensions";
			runOnlyForDeploymentPostprocessing = 0;
		};
/* End PBXCopyFilesBuildPhase section */

/* Begin PBXFileReference section */
		02FB8A6EE359FFE8DCB7D641 /* PreviousSessionComparisonCard.swift */ = {isa = PBXFileReference; lastKnownFileType = sourcecode.swift; path = PreviousSessionComparisonCard.swift; sourceTree = "<group>"; };
		03D99329D2EDA9EDD0AD4BDF /* DayCount.swift */ = {isa = PBXFileReference; lastKnownFileType = sourcecode.swift; path = DayCount.swift; sourceTree = "<group>"; };
		0708FC1DE47BA8E8E88A568D /* WorkoutsView.swift */ = {isa = PBXFileReference; lastKnownFileType = sourcecode.swift; path = WorkoutsView.swift; sourceTree = "<group>"; };
		0AE8B40DC674C6AC438614F4 /* MockHealthKitService.swift */ = {isa = PBXFileReference; lastKnownFileType = sourcecode.swift; path = MockHealthKitService.swift; sourceTree = "<group>"; };
		135008F6E33561CD8B526489 /* ActiveExerciseCard.swift */ = {isa = PBXFileReference; lastKnownFileType = sourcecode.swift; path = ActiveExerciseCard.swift; sourceTree = "<group>"; };
		1576F058778640D9FED820FC /* DSButton.swift */ = {isa = PBXFileReference; lastKnownFileType = sourcecode.swift; path = DSButton.swift; sourceTree = "<group>"; };
		158049C52F19678E8CC8F33A /* SettingsViewModel.swift */ = {isa = PBXFileReference; lastKnownFileType = sourcecode.swift; path = SettingsViewModel.swift; sourceTree = "<group>"; };
		16036100EB46E8A6AED3563A /* Radius.swift */ = {isa = PBXFileReference; lastKnownFileType = sourcecode.swift; path = Radius.swift; sourceTree = "<group>"; };
		1647EF586428B8FE93B62DC1 /* WorkoutProgramEditorViewModel.swift */ = {isa = PBXFileReference; lastKnownFileType = sourcecode.swift; path = WorkoutProgramEditorViewModel.swift; sourceTree = "<group>"; };
		196DE07C1952880E53D3CF14 /* WorkoutTrackerWidgetExtension.appex */ = {isa = PBXFileReference; includeInIndex = 0; lastKnownFileType = "wrapper.app-extension"; path = WorkoutTrackerWidgetExtension.appex; sourceTree = BUILT_PRODUCTS_DIR; };
		1B02311DABA0EEE4E1A129D9 /* SchemaV1+SegmentLog.swift */ = {isa = PBXFileReference; lastKnownFileType = sourcecode.swift; path = "SchemaV1+SegmentLog.swift"; sourceTree = "<group>"; };
		1B3A8DDC438A069C669E5304 /* DSProgressRing.swift */ = {isa = PBXFileReference; lastKnownFileType = sourcecode.swift; path = DSProgressRing.swift; sourceTree = "<group>"; };
		1CDCCB752674FACD16E4C822 /* ExercisePickerView.swift */ = {isa = PBXFileReference; lastKnownFileType = sourcecode.swift; path = ExercisePickerView.swift; sourceTree = "<group>"; };
		1F7859DC280D2611C6D47CA2 /* WorkoutSessionFormatting.swift */ = {isa = PBXFileReference; lastKnownFileType = sourcecode.swift; path = WorkoutSessionFormatting.swift; sourceTree = "<group>"; };
		229A4F2A427C46ED9E4C3FF4 /* SchemaV1+Exercise.swift */ = {isa = PBXFileReference; lastKnownFileType = sourcecode.swift; path = "SchemaV1+Exercise.swift"; sourceTree = "<group>"; };
		258EF55C8F56FFABB9AEA7B4 /* HealthKitActivityMappingTests.swift */ = {isa = PBXFileReference; lastKnownFileType = sourcecode.swift; path = HealthKitActivityMappingTests.swift; sourceTree = "<group>"; };
		2AAF9B4E9173475EF797226C /* DashboardView.swift */ = {isa = PBXFileReference; lastKnownFileType = sourcecode.swift; path = DashboardView.swift; sourceTree = "<group>"; };
		2DC7E2FE2C5800BB4EB72D9A /* PersonalRecordDetection.swift */ = {isa = PBXFileReference; lastKnownFileType = sourcecode.swift; path = PersonalRecordDetection.swift; sourceTree = "<group>"; };
		2FF2DCC17C81CDD148ECC6F5 /* SetProgressBar.swift */ = {isa = PBXFileReference; lastKnownFileType = sourcecode.swift; path = SetProgressBar.swift; sourceTree = "<group>"; };
		318649E12811F668C2EA95A6 /* HealthKitImportViewModel.swift */ = {isa = PBXFileReference; lastKnownFileType = sourcecode.swift; path = HealthKitImportViewModel.swift; sourceTree = "<group>"; };
		36AF6316E4816626B4FC7973 /* WidgetSnapshotStore.swift */ = {isa = PBXFileReference; lastKnownFileType = sourcecode.swift; path = WidgetSnapshotStore.swift; sourceTree = "<group>"; };
		36EC5DC7C5D1A211D5D616F1 /* DSStatTile.swift */ = {isa = PBXFileReference; lastKnownFileType = sourcecode.swift; path = DSStatTile.swift; sourceTree = "<group>"; };
		3B60D8CBFDE805C98DE270F5 /* WorkoutSessionViewModelTests.swift */ = {isa = PBXFileReference; lastKnownFileType = sourcecode.swift; path = WorkoutSessionViewModelTests.swift; sourceTree = "<group>"; };
		3E2CEEC7AA6D455458C8ED9C /* DSCard.swift */ = {isa = PBXFileReference; lastKnownFileType = sourcecode.swift; path = DSCard.swift; sourceTree = "<group>"; };
		3E904D183883B00315E573FE /* SetValueField.swift */ = {isa = PBXFileReference; lastKnownFileType = sourcecode.swift; path = SetValueField.swift; sourceTree = "<group>"; };
		40867141BB40BB15BECDA9EC /* Manrope-Variable.ttf */ = {isa = PBXFileReference; lastKnownFileType = file; path = "Manrope-Variable.ttf"; sourceTree = "<group>"; };
		41A322E4D8C8D98D2E12B176 /* ChallengeInsights.swift */ = {isa = PBXFileReference; lastKnownFileType = sourcecode.swift; path = ChallengeInsights.swift; sourceTree = "<group>"; };
		4350E4AC950B9871AD1E134A /* DurationFormatting.swift */ = {isa = PBXFileReference; lastKnownFileType = sourcecode.swift; path = DurationFormatting.swift; sourceTree = "<group>"; };
		435A665E1EE8F8F82EA527B3 /* WorkoutTracker.app */ = {isa = PBXFileReference; includeInIndex = 0; lastKnownFileType = wrapper.application; path = WorkoutTracker.app; sourceTree = BUILT_PRODUCTS_DIR; };
		44DF0B8D665CFD0171B24381 /* TestSupport.swift */ = {isa = PBXFileReference; lastKnownFileType = sourcecode.swift; path = TestSupport.swift; sourceTree = "<group>"; };
		46F4654D9F6B044956020A2A /* HealthKitActivityMapping.swift */ = {isa = PBXFileReference; lastKnownFileType = sourcecode.swift; path = HealthKitActivityMapping.swift; sourceTree = "<group>"; };
		48B12D81333B0806B656CF51 /* SchemaV1+Workout.swift */ = {isa = PBXFileReference; lastKnownFileType = sourcecode.swift; path = "SchemaV1+Workout.swift"; sourceTree = "<group>"; };
		49F6B00CC2B09514F6739314 /* AdaptiveHeatmapGrid.swift */ = {isa = PBXFileReference; lastKnownFileType = sourcecode.swift; path = AdaptiveHeatmapGrid.swift; sourceTree = "<group>"; };
		4A3237DB65D3EE1670DA4585 /* SchemaV1+PlannedSegment.swift */ = {isa = PBXFileReference; lastKnownFileType = sourcecode.swift; path = "SchemaV1+PlannedSegment.swift"; sourceTree = "<group>"; };
		4C2D48701CEFFAB8922366E8 /* HealthKitService.swift */ = {isa = PBXFileReference; lastKnownFileType = sourcecode.swift; path = HealthKitService.swift; sourceTree = "<group>"; };
		5102138A25A25445C1AFED84 /* SchemaV1+PlannedExercise.swift */ = {isa = PBXFileReference; lastKnownFileType = sourcecode.swift; path = "SchemaV1+PlannedExercise.swift"; sourceTree = "<group>"; };
		52C6FE587C01375FFA815EB3 /* ModelTests.swift */ = {isa = PBXFileReference; lastKnownFileType = sourcecode.swift; path = ModelTests.swift; sourceTree = "<group>"; };
		54A273B85536E1C298F113E3 /* SchemaV1+SetLog.swift */ = {isa = PBXFileReference; lastKnownFileType = sourcecode.swift; path = "SchemaV1+SetLog.swift"; sourceTree = "<group>"; };
		58D5FC53ECB47CACEC61CB1C /* WorkoutEditorView.swift */ = {isa = PBXFileReference; lastKnownFileType = sourcecode.swift; path = WorkoutEditorView.swift; sourceTree = "<group>"; };
		59A871009FB535591864EAC0 /* SchemaV1+WorkoutSession.swift */ = {isa = PBXFileReference; lastKnownFileType = sourcecode.swift; path = "SchemaV1+WorkoutSession.swift"; sourceTree = "<group>"; };
		5B4A01F940144AB49DCCEA14 /* WorkoutTracker.entitlements */ = {isa = PBXFileReference; lastKnownFileType = text.plist.entitlements; path = WorkoutTracker.entitlements; sourceTree = "<group>"; };
		5C1D2F378421F5BFF3660837 /* DSChip.swift */ = {isa = PBXFileReference; lastKnownFileType = sourcecode.swift; path = DSChip.swift; sourceTree = "<group>"; };
		5CF6E6EF8D3524C51016160F /* HealthKitImportView.swift */ = {isa = PBXFileReference; lastKnownFileType = sourcecode.swift; path = HealthKitImportView.swift; sourceTree = "<group>"; };
		5E0B2CD3EE9CD701D7B05AA4 /* SessionSource.swift */ = {isa = PBXFileReference; lastKnownFileType = sourcecode.swift; path = SessionSource.swift; sourceTree = "<group>"; };
		615F150E98D3DD52B7789A08 /* WorkoutProgramNextEntry.swift */ = {isa = PBXFileReference; lastKnownFileType = sourcecode.swift; path = WorkoutProgramNextEntry.swift; sourceTree = "<group>"; };
		653EFC65B2A707C03D71DDF0 /* ChallengeCatalogRow.swift */ = {isa = PBXFileReference; lastKnownFileType = sourcecode.swift; path = ChallengeCatalogRow.swift; sourceTree = "<group>"; };
		698FB46E5B1635F96AA0AA79 /* Info.plist */ = {isa = PBXFileReference; lastKnownFileType = text.plist; path = Info.plist; sourceTree = "<group>"; };
		6B894ADA7C4B6CE021683B58 /* SchemaV1+ChallengeEnrollment.swift */ = {isa = PBXFileReference; lastKnownFileType = sourcecode.swift; path = "SchemaV1+ChallengeEnrollment.swift"; sourceTree = "<group>"; };
		76F12D26A87E89F47568B95C /* TopVolumeList.swift */ = {isa = PBXFileReference; lastKnownFileType = sourcecode.swift; path = TopVolumeList.swift; sourceTree = "<group>"; };
		7C48C5AD70BE5312D3B5BF37 /* WorkoutEditorViewModel.swift */ = {isa = PBXFileReference; lastKnownFileType = sourcecode.swift; path = WorkoutEditorViewModel.swift; sourceTree = "<group>"; };
		7C556B609A440BACE2B480B7 /* WidgetSnapshotRefresher.swift */ = {isa = PBXFileReference; lastKnownFileType = sourcecode.swift; path = WidgetSnapshotRefresher.swift; sourceTree = "<group>"; };
		7C9E68DFA1ECC648619E1FEF /* ChallengesViewModel.swift */ = {isa = PBXFileReference; lastKnownFileType = sourcecode.swift; path = ChallengesViewModel.swift; sourceTree = "<group>"; };
		7D55861B369A6A6599A51AC1 /* ChallengeType.swift */ = {isa = PBXFileReference; lastKnownFileType = sourcecode.swift; path = ChallengeType.swift; sourceTree = "<group>"; };
		826A3BA69E07B8C4B4AFAC94 /* SchemaV1+PersonalRecord.swift */ = {isa = PBXFileReference; lastKnownFileType = sourcecode.swift; path = "SchemaV1+PersonalRecord.swift"; sourceTree = "<group>"; };
		8546DD1635FEFD84843BBA18 /* ChallengeEnrollmentCard.swift */ = {isa = PBXFileReference; lastKnownFileType = sourcecode.swift; path = ChallengeEnrollmentCard.swift; sourceTree = "<group>"; };
		87A1E0FADAF754D053343A0B /* ChallengeProgressMaterialization.swift */ = {isa = PBXFileReference; lastKnownFileType = sourcecode.swift; path = ChallengeProgressMaterialization.swift; sourceTree = "<group>"; };
		882F1CDA0D7699CF1E2AF2F8 /* WorkoutEditorViewModelTests.swift */ = {isa = PBXFileReference; lastKnownFileType = sourcecode.swift; path = WorkoutEditorViewModelTests.swift; sourceTree = "<group>"; };
		8D92FE7B4DEF77951ADFD9CA /* SetRow.swift */ = {isa = PBXFileReference; lastKnownFileType = sourcecode.swift; path = SetRow.swift; sourceTree = "<group>"; };
		8DE33348299B4AB27FB3DA3E /* ContributionHeatmapView.swift */ = {isa = PBXFileReference; lastKnownFileType = sourcecode.swift; path = ContributionHeatmapView.swift; sourceTree = "<group>"; };
		8FF35A24F27984F580681126 /* Motion.swift */ = {isa = PBXFileReference; lastKnownFileType = sourcecode.swift; path = Motion.swift; sourceTree = "<group>"; };
		90EDE269C4D8C0D81994026F /* Colors.swift */ = {isa = PBXFileReference; lastKnownFileType = sourcecode.swift; path = Colors.swift; sourceTree = "<group>"; };
		917207DF834EA6A967870DAB /* WorkoutSessionActivityAttributes.swift */ = {isa = PBXFileReference; lastKnownFileType = sourcecode.swift; path = WorkoutSessionActivityAttributes.swift; sourceTree = "<group>"; };
		99438448D197E4D1601D1F8A /* SettingsViewModelTests.swift */ = {isa = PBXFileReference; lastKnownFileType = sourcecode.swift; path = SettingsViewModelTests.swift; sourceTree = "<group>"; };
		9BD43E123BAA745B91E2E6B5 /* WorkoutProgramDetailView.swift */ = {isa = PBXFileReference; lastKnownFileType = sourcecode.swift; path = WorkoutProgramDetailView.swift; sourceTree = "<group>"; };
		9F7C443464076FF798316624 /* ActivityType.swift */ = {isa = PBXFileReference; lastKnownFileType = sourcecode.swift; path = ActivityType.swift; sourceTree = "<group>"; };
		A39E9AD8A84C54758A03A6D1 /* SchemaV1+WorkoutProgram.swift */ = {isa = PBXFileReference; lastKnownFileType = sourcecode.swift; path = "SchemaV1+WorkoutProgram.swift"; sourceTree = "<group>"; };
		AAA716CA17B45F1F243DC6BC /* WorkoutTrackerMigrationPlan.swift */ = {isa = PBXFileReference; lastKnownFileType = sourcecode.swift; path = WorkoutTrackerMigrationPlan.swift; sourceTree = "<group>"; };
		AEFB1B089F70B9DCEEF2A128 /* LiveActivityContentStateTests.swift */ = {isa = PBXFileReference; lastKnownFileType = sourcecode.swift; path = LiveActivityContentStateTests.swift; sourceTree = "<group>"; };
		B53BEB83DB8DC83FD8DC15A0 /* CollapsedExerciseRow.swift */ = {isa = PBXFileReference; lastKnownFileType = sourcecode.swift; path = CollapsedExerciseRow.swift; sourceTree = "<group>"; };
		B64AAAAE1EBBAB3F3BD2262D /* WorkoutSessionViewModel.swift */ = {isa = PBXFileReference; lastKnownFileType = sourcecode.swift; path = WorkoutSessionViewModel.swift; sourceTree = "<group>"; };
		B7954CCBD829E66C2456FDF9 /* SchemaV1+ChallengeProgressEntry.swift */ = {isa = PBXFileReference; lastKnownFileType = sourcecode.swift; path = "SchemaV1+ChallengeProgressEntry.swift"; sourceTree = "<group>"; };
		BBC30F40BAB3CB81E363B26A /* ChallengesView.swift */ = {isa = PBXFileReference; lastKnownFileType = sourcecode.swift; path = ChallengesView.swift; sourceTree = "<group>"; };
		BDF513B74434682866955CBD /* ExerciseSeeder.swift */ = {isa = PBXFileReference; lastKnownFileType = sourcecode.swift; path = ExerciseSeeder.swift; sourceTree = "<group>"; };
		C02823194615D7E26E386B3C /* RestTimerView.swift */ = {isa = PBXFileReference; lastKnownFileType = sourcecode.swift; path = RestTimerView.swift; sourceTree = "<group>"; };
		C2AC690E6F15746A8B4C2C44 /* WorkoutSessionView.swift */ = {isa = PBXFileReference; lastKnownFileType = sourcecode.swift; path = WorkoutSessionView.swift; sourceTree = "<group>"; };
		C51A024FD089A0DC5B698690 /* HeatmapWidget.swift */ = {isa = PBXFileReference; lastKnownFileType = sourcecode.swift; path = HeatmapWidget.swift; sourceTree = "<group>"; };
		C5F756DBC2BDE32CEC156D9F /* Typography.swift */ = {isa = PBXFileReference; lastKnownFileType = sourcecode.swift; path = Typography.swift; sourceTree = "<group>"; };
		C784CB0D77C65225C03B476C /* WorkoutPickerView.swift */ = {isa = PBXFileReference; lastKnownFileType = sourcecode.swift; path = WorkoutPickerView.swift; sourceTree = "<group>"; };
		C7AA664EA24819DC2C5E4CC8 /* NextWorkoutWidget.swift */ = {isa = PBXFileReference; lastKnownFileType = sourcecode.swift; path = NextWorkoutWidget.swift; sourceTree = "<group>"; };
		C9E7240BCA82EB3CABAFE10A /* ChallengeTests.swift */ = {isa = PBXFileReference; lastKnownFileType = sourcecode.swift; path = ChallengeTests.swift; sourceTree = "<group>"; };
		CA23376A1C8438FCC5EEE020 /* Spacing.swift */ = {isa = PBXFileReference; lastKnownFileType = sourcecode.swift; path = Spacing.swift; sourceTree = "<group>"; };
		CAFE7837E03537840D5F9E29 /* DSIcon.swift */ = {isa = PBXFileReference; lastKnownFileType = sourcecode.swift; path = DSIcon.swift; sourceTree = "<group>"; };
		CB06A2CACAB61B9DB6216C99 /* WorkoutFeedbackView.swift */ = {isa = PBXFileReference; lastKnownFileType = sourcecode.swift; path = WorkoutFeedbackView.swift; sourceTree = "<group>"; };
		CB5CBC31F5C46E70A4B6D4CE /* ContentView.swift */ = {isa = PBXFileReference; lastKnownFileType = sourcecode.swift; path = ContentView.swift; sourceTree = "<group>"; };
		CD6F35ED62FBEBDF8D4D8DC9 /* WorkoutDetailView.swift */ = {isa = PBXFileReference; lastKnownFileType = sourcecode.swift; path = WorkoutDetailView.swift; sourceTree = "<group>"; };
		CFB89BA958473D4799209DE5 /* WorkoutTrackerTests.xctest */ = {isa = PBXFileReference; includeInIndex = 0; lastKnownFileType = wrapper.cfbundle; path = WorkoutTrackerTests.xctest; sourceTree = BUILT_PRODUCTS_DIR; };
		D0FD2B8964C815DA10F72DBB /* HeatmapColorMapping.swift */ = {isa = PBXFileReference; lastKnownFileType = sourcecode.swift; path = HeatmapColorMapping.swift; sourceTree = "<group>"; };
		D48BD9386FBE1872BB0B6849 /* WorkoutTrackerApp.swift */ = {isa = PBXFileReference; lastKnownFileType = sourcecode.swift; path = WorkoutTrackerApp.swift; sourceTree = "<group>"; };
		D4BD1625E18AF7AA12F1CDF3 /* SettingsView.swift */ = {isa = PBXFileReference; lastKnownFileType = sourcecode.swift; path = SettingsView.swift; sourceTree = "<group>"; };
		D9EFA2C1186AE82F016C4C25 /* WidgetSnapshotWritingTests.swift */ = {isa = PBXFileReference; lastKnownFileType = sourcecode.swift; path = WidgetSnapshotWritingTests.swift; sourceTree = "<group>"; };
		E17A68AF8CF7CF462789B406 /* WorkoutSessionLiveActivity.swift */ = {isa = PBXFileReference; lastKnownFileType = sourcecode.swift; path = WorkoutSessionLiveActivity.swift; sourceTree = "<group>"; };
		E1A998FFAB353C55569407D7 /* DSWashedScreen.swift */ = {isa = PBXFileReference; lastKnownFileType = sourcecode.swift; path = DSWashedScreen.swift; sourceTree = "<group>"; };
		E343F538B1185F0474A65F73 /* SchemaV1.swift */ = {isa = PBXFileReference; lastKnownFileType = sourcecode.swift; path = SchemaV1.swift; sourceTree = "<group>"; };
		E85C68F05BF008D3F81EBBEE /* WeeklyReviewChart.swift */ = {isa = PBXFileReference; lastKnownFileType = sourcecode.swift; path = WeeklyReviewChart.swift; sourceTree = "<group>"; };
		E872799DD96BDF2469FF5C83 /* ChallengeSeeder.swift */ = {isa = PBXFileReference; lastKnownFileType = sourcecode.swift; path = ChallengeSeeder.swift; sourceTree = "<group>"; };
		ECD1E17408F4115D3E02E70B /* DSWheelPickerField.swift */ = {isa = PBXFileReference; lastKnownFileType = sourcecode.swift; path = DSWheelPickerField.swift; sourceTree = "<group>"; };
		EE95EE1ADB6D0D868B6738FF /* WorkoutProgramEditorView.swift */ = {isa = PBXFileReference; lastKnownFileType = sourcecode.swift; path = WorkoutProgramEditorView.swift; sourceTree = "<group>"; };
		EE9617577EC2B1EE77CC2E63 /* Assets.xcassets */ = {isa = PBXFileReference; lastKnownFileType = folder.assetcatalog; path = Assets.xcassets; sourceTree = "<group>"; };
		F00A363B376A6B83BD1579D7 /* MuscleGroup.swift */ = {isa = PBXFileReference; lastKnownFileType = sourcecode.swift; path = MuscleGroup.swift; sourceTree = "<group>"; };
		F1AE03633E38200C8B151A7D /* WorkoutTrackerWidgetBundle.swift */ = {isa = PBXFileReference; lastKnownFileType = sourcecode.swift; path = WorkoutTrackerWidgetBundle.swift; sourceTree = "<group>"; };
		F4C8B7F10488E935DA92BD24 /* RecentPersonalRecordsList.swift */ = {isa = PBXFileReference; lastKnownFileType = sourcecode.swift; path = RecentPersonalRecordsList.swift; sourceTree = "<group>"; };
		F6D8FD6ADC4422A299C844E5 /* HealthKitServicing.swift */ = {isa = PBXFileReference; lastKnownFileType = sourcecode.swift; path = HealthKitServicing.swift; sourceTree = "<group>"; };
		FB42D0E1BE1005F67CBE59C5 /* Info.plist */ = {isa = PBXFileReference; lastKnownFileType = text.plist; path = Info.plist; sourceTree = "<group>"; };
		FDBF8ADC50402D78CBB13015 /* SchemaV1+Challenge.swift */ = {isa = PBXFileReference; lastKnownFileType = sourcecode.swift; path = "SchemaV1+Challenge.swift"; sourceTree = "<group>"; };
		FEB36DF511B5FB1079BE1FB7 /* WorkoutTrackerWidgetExtension.entitlements */ = {isa = PBXFileReference; lastKnownFileType = text.plist.entitlements; path = WorkoutTrackerWidgetExtension.entitlements; sourceTree = "<group>"; };
		FF8A26F8783E87BBE67F2BB5 /* HealthKitImportViewModelTests.swift */ = {isa = PBXFileReference; lastKnownFileType = sourcecode.swift; path = HealthKitImportViewModelTests.swift; sourceTree = "<group>"; };
/* End PBXFileReference section */

/* Begin PBXGroup section */
		1997BFA49DE4750CC2EB3E93 /* Views */ = {
			isa = PBXGroup;
			children = (
				BBC30F40BAB3CB81E363B26A /* ChallengesView.swift */,
				2AAF9B4E9173475EF797226C /* DashboardView.swift */,
				0708FC1DE47BA8E8E88A568D /* WorkoutsView.swift */,
				DD3D05FAEB308633BA7C5F01 /* Challenges */,
				6045BBEC454020ACB2DF64C6 /* Settings */,
				89A30557B335145CF1EC224F /* Workouts */,
			);
			path = Views;
			sourceTree = "<group>";
		};
		2412A170266324C4118441A7 /* DesignSystem */ = {
			isa = PBXGroup;
			children = (
				90EDE269C4D8C0D81994026F /* Colors.swift */,
				8FF35A24F27984F580681126 /* Motion.swift */,
				16036100EB46E8A6AED3563A /* Radius.swift */,
				CA23376A1C8438FCC5EEE020 /* Spacing.swift */,
				C5F756DBC2BDE32CEC156D9F /* Typography.swift */,
				25430622E6AF582D82CD0057 /* Components */,
			);
			path = DesignSystem;
			sourceTree = "<group>";
		};
		25430622E6AF582D82CD0057 /* Components */ = {
			isa = PBXGroup;
			children = (
				1576F058778640D9FED820FC /* DSButton.swift */,
				3E2CEEC7AA6D455458C8ED9C /* DSCard.swift */,
				5C1D2F378421F5BFF3660837 /* DSChip.swift */,
				CAFE7837E03537840D5F9E29 /* DSIcon.swift */,
				1B3A8DDC438A069C669E5304 /* DSProgressRing.swift */,
				36EC5DC7C5D1A211D5D616F1 /* DSStatTile.swift */,
				E1A998FFAB353C55569407D7 /* DSWashedScreen.swift */,
				ECD1E17408F4115D3E02E70B /* DSWheelPickerField.swift */,
			);
			path = Components;
			sourceTree = "<group>";
		};
		2909F4F35C12B31E8C8485B0 /* WorkoutTrackerWidget */ = {
			isa = PBXGroup;
			children = (
				49F6B00CC2B09514F6739314 /* AdaptiveHeatmapGrid.swift */,
				C51A024FD089A0DC5B698690 /* HeatmapWidget.swift */,
				FB42D0E1BE1005F67CBE59C5 /* Info.plist */,
				C7AA664EA24819DC2C5E4CC8 /* NextWorkoutWidget.swift */,
				2FF2DCC17C81CDD148ECC6F5 /* SetProgressBar.swift */,
				E17A68AF8CF7CF462789B406 /* WorkoutSessionLiveActivity.swift */,
				F1AE03633E38200C8B151A7D /* WorkoutTrackerWidgetBundle.swift */,
				FEB36DF511B5FB1079BE1FB7 /* WorkoutTrackerWidgetExtension.entitlements */,
			);
			path = WorkoutTrackerWidget;
			sourceTree = "<group>";
		};
		3185A66B3B63D6A13E63764B /* Seed */ = {
			isa = PBXGroup;
			children = (
				E872799DD96BDF2469FF5C83 /* ChallengeSeeder.swift */,
				BDF513B74434682866955CBD /* ExerciseSeeder.swift */,
			);
			path = Seed;
			sourceTree = "<group>";
		};
		356E6E9F56F03EC0448F28E1 /* Resources */ = {
			isa = PBXGroup;
			children = (
				59343CE35F5C80565A824537 /* Fonts */,
			);
			path = Resources;
			sourceTree = "<group>";
		};
		449C2DCE1F54278957EE1207 /* Services */ = {
			isa = PBXGroup;
			children = (
				4C2D48701CEFFAB8922366E8 /* HealthKitService.swift */,
				F6D8FD6ADC4422A299C844E5 /* HealthKitServicing.swift */,
			);
			path = Services;
			sourceTree = "<group>";
		};
		4F44579DA49B4E25AC4AF656 /* Support */ = {
			isa = PBXGroup;
			children = (
				0AE8B40DC674C6AC438614F4 /* MockHealthKitService.swift */,
			);
			path = Support;
			sourceTree = "<group>";
		};
		5603D97072377A6EAFE6BE83 /* Schema */ = {
			isa = PBXGroup;
			children = (
				E343F538B1185F0474A65F73 /* SchemaV1.swift */,
				FDBF8ADC50402D78CBB13015 /* SchemaV1+Challenge.swift */,
				6B894ADA7C4B6CE021683B58 /* SchemaV1+ChallengeEnrollment.swift */,
				B7954CCBD829E66C2456FDF9 /* SchemaV1+ChallengeProgressEntry.swift */,
				229A4F2A427C46ED9E4C3FF4 /* SchemaV1+Exercise.swift */,
				826A3BA69E07B8C4B4AFAC94 /* SchemaV1+PersonalRecord.swift */,
				5102138A25A25445C1AFED84 /* SchemaV1+PlannedExercise.swift */,
				4A3237DB65D3EE1670DA4585 /* SchemaV1+PlannedSegment.swift */,
				1B02311DABA0EEE4E1A129D9 /* SchemaV1+SegmentLog.swift */,
				54A273B85536E1C298F113E3 /* SchemaV1+SetLog.swift */,
				48B12D81333B0806B656CF51 /* SchemaV1+Workout.swift */,
				A39E9AD8A84C54758A03A6D1 /* SchemaV1+WorkoutProgram.swift */,
				59A871009FB535591864EAC0 /* SchemaV1+WorkoutSession.swift */,
				AAA716CA17B45F1F243DC6BC /* WorkoutTrackerMigrationPlan.swift */,
			);
			path = Schema;
			sourceTree = "<group>";
		};
		59343CE35F5C80565A824537 /* Fonts */ = {
			isa = PBXGroup;
			children = (
				40867141BB40BB15BECDA9EC /* Manrope-Variable.ttf */,
			);
			path = Fonts;
			sourceTree = "<group>";
		};
		5D0D416371A48422D688C41B /* Enums */ = {
			isa = PBXGroup;
			children = (
				9F7C443464076FF798316624 /* ActivityType.swift */,
				7D55861B369A6A6599A51AC1 /* ChallengeType.swift */,
				F00A363B376A6B83BD1579D7 /* MuscleGroup.swift */,
				5E0B2CD3EE9CD701D7B05AA4 /* SessionSource.swift */,
			);
			path = Enums;
			sourceTree = "<group>";
		};
		6045BBEC454020ACB2DF64C6 /* Settings */ = {
			isa = PBXGroup;
			children = (
				5CF6E6EF8D3524C51016160F /* HealthKitImportView.swift */,
				D4BD1625E18AF7AA12F1CDF3 /* SettingsView.swift */,
			);
			path = Settings;
			sourceTree = "<group>";
		};
		89A30557B335145CF1EC224F /* Workouts */ = {
			isa = PBXGroup;
			children = (
				135008F6E33561CD8B526489 /* ActiveExerciseCard.swift */,
				B53BEB83DB8DC83FD8DC15A0 /* CollapsedExerciseRow.swift */,
				1CDCCB752674FACD16E4C822 /* ExercisePickerView.swift */,
				02FB8A6EE359FFE8DCB7D641 /* PreviousSessionComparisonCard.swift */,
				C02823194615D7E26E386B3C /* RestTimerView.swift */,
				8D92FE7B4DEF77951ADFD9CA /* SetRow.swift */,
				3E904D183883B00315E573FE /* SetValueField.swift */,
				CD6F35ED62FBEBDF8D4D8DC9 /* WorkoutDetailView.swift */,
				58D5FC53ECB47CACEC61CB1C /* WorkoutEditorView.swift */,
				CB06A2CACAB61B9DB6216C99 /* WorkoutFeedbackView.swift */,
				C784CB0D77C65225C03B476C /* WorkoutPickerView.swift */,
				9BD43E123BAA745B91E2E6B5 /* WorkoutProgramDetailView.swift */,
				EE95EE1ADB6D0D868B6738FF /* WorkoutProgramEditorView.swift */,
				C2AC690E6F15746A8B4C2C44 /* WorkoutSessionView.swift */,
			);
			path = Workouts;
			sourceTree = "<group>";
		};
		9F358C93B0B4F80F20812547 /* Models */ = {
			isa = PBXGroup;
			children = (
				5D0D416371A48422D688C41B /* Enums */,
				5603D97072377A6EAFE6BE83 /* Schema */,
				3185A66B3B63D6A13E63764B /* Seed */,
			);
			path = Models;
			sourceTree = "<group>";
		};
		A299D8FA2EE633EA50284A46 /* WorkoutTrackerTests */ = {
			isa = PBXGroup;
			children = (
				C9E7240BCA82EB3CABAFE10A /* ChallengeTests.swift */,
				258EF55C8F56FFABB9AEA7B4 /* HealthKitActivityMappingTests.swift */,
				FF8A26F8783E87BBE67F2BB5 /* HealthKitImportViewModelTests.swift */,
				AEFB1B089F70B9DCEEF2A128 /* LiveActivityContentStateTests.swift */,
				52C6FE587C01375FFA815EB3 /* ModelTests.swift */,
				99438448D197E4D1601D1F8A /* SettingsViewModelTests.swift */,
				44DF0B8D665CFD0171B24381 /* TestSupport.swift */,
				D9EFA2C1186AE82F016C4C25 /* WidgetSnapshotWritingTests.swift */,
				882F1CDA0D7699CF1E2AF2F8 /* WorkoutEditorViewModelTests.swift */,
				3B60D8CBFDE805C98DE270F5 /* WorkoutSessionViewModelTests.swift */,
				4F44579DA49B4E25AC4AF656 /* Support */,
			);
			path = WorkoutTrackerTests;
			sourceTree = "<group>";
		};
		AD6248B3D6F5FB51D1B71926 = {
			isa = PBXGroup;
			children = (
				E4E43F24E68521EDECD85406 /* WorkoutTracker */,
				A299D8FA2EE633EA50284A46 /* WorkoutTrackerTests */,
				2909F4F35C12B31E8C8485B0 /* WorkoutTrackerWidget */,
				C91759DD6A5BDB578F6ECD07 /* Products */,
			);
			sourceTree = "<group>";
		};
		C91759DD6A5BDB578F6ECD07 /* Products */ = {
			isa = PBXGroup;
			children = (
				435A665E1EE8F8F82EA527B3 /* WorkoutTracker.app */,
				CFB89BA958473D4799209DE5 /* WorkoutTrackerTests.xctest */,
				196DE07C1952880E53D3CF14 /* WorkoutTrackerWidgetExtension.appex */,
			);
			name = Products;
			sourceTree = "<group>";
		};
		CBA6A6FC796BB04539769315 /* Support */ = {
			isa = PBXGroup;
			children = (
				41A322E4D8C8D98D2E12B176 /* ChallengeInsights.swift */,
				87A1E0FADAF754D053343A0B /* ChallengeProgressMaterialization.swift */,
				03D99329D2EDA9EDD0AD4BDF /* DayCount.swift */,
				4350E4AC950B9871AD1E134A /* DurationFormatting.swift */,
				46F4654D9F6B044956020A2A /* HealthKitActivityMapping.swift */,
				D0FD2B8964C815DA10F72DBB /* HeatmapColorMapping.swift */,
				2DC7E2FE2C5800BB4EB72D9A /* PersonalRecordDetection.swift */,
				7C556B609A440BACE2B480B7 /* WidgetSnapshotRefresher.swift */,
				36AF6316E4816626B4FC7973 /* WidgetSnapshotStore.swift */,
				615F150E98D3DD52B7789A08 /* WorkoutProgramNextEntry.swift */,
				1F7859DC280D2611C6D47CA2 /* WorkoutSessionFormatting.swift */,
			);
			path = Support;
			sourceTree = "<group>";
		};
		DD3D05FAEB308633BA7C5F01 /* Challenges */ = {
			isa = PBXGroup;
			children = (
				653EFC65B2A707C03D71DDF0 /* ChallengeCatalogRow.swift */,
				8546DD1635FEFD84843BBA18 /* ChallengeEnrollmentCard.swift */,
				8DE33348299B4AB27FB3DA3E /* ContributionHeatmapView.swift */,
				F4C8B7F10488E935DA92BD24 /* RecentPersonalRecordsList.swift */,
				76F12D26A87E89F47568B95C /* TopVolumeList.swift */,
				E85C68F05BF008D3F81EBBEE /* WeeklyReviewChart.swift */,
			);
			path = Challenges;
			sourceTree = "<group>";
		};
		E4E43F24E68521EDECD85406 /* WorkoutTracker */ = {
			isa = PBXGroup;
			children = (
				EE9617577EC2B1EE77CC2E63 /* Assets.xcassets */,
				CB5CBC31F5C46E70A4B6D4CE /* ContentView.swift */,
				698FB46E5B1635F96AA0AA79 /* Info.plist */,
				5B4A01F940144AB49DCCEA14 /* WorkoutTracker.entitlements */,
				D48BD9386FBE1872BB0B6849 /* WorkoutTrackerApp.swift */,
				2412A170266324C4118441A7 /* DesignSystem */,
				FEEC565DEC6F66F80FDCD191 /* LiveActivity */,
				9F358C93B0B4F80F20812547 /* Models */,
				356E6E9F56F03EC0448F28E1 /* Resources */,
				449C2DCE1F54278957EE1207 /* Services */,
				CBA6A6FC796BB04539769315 /* Support */,
				E757D4BD985C0F05D3CFCC39 /* ViewModels */,
				1997BFA49DE4750CC2EB3E93 /* Views */,
			);
			path = WorkoutTracker;
			sourceTree = "<group>";
		};
		E757D4BD985C0F05D3CFCC39 /* ViewModels */ = {
			isa = PBXGroup;
			children = (
				7C9E68DFA1ECC648619E1FEF /* ChallengesViewModel.swift */,
				318649E12811F668C2EA95A6 /* HealthKitImportViewModel.swift */,
				158049C52F19678E8CC8F33A /* SettingsViewModel.swift */,
				7C48C5AD70BE5312D3B5BF37 /* WorkoutEditorViewModel.swift */,
				1647EF586428B8FE93B62DC1 /* WorkoutProgramEditorViewModel.swift */,
				B64AAAAE1EBBAB3F3BD2262D /* WorkoutSessionViewModel.swift */,
			);
			path = ViewModels;
			sourceTree = "<group>";
		};
		FEEC565DEC6F66F80FDCD191 /* LiveActivity */ = {
			isa = PBXGroup;
			children = (
				917207DF834EA6A967870DAB /* WorkoutSessionActivityAttributes.swift */,
			);
			path = LiveActivity;
			sourceTree = "<group>";
		};
/* End PBXGroup section */

/* Begin PBXNativeTarget section */
		6467659005103B3F100F0D23 /* WorkoutTracker */ = {
			isa = PBXNativeTarget;
			buildConfigurationList = 5A9C28BF88DEAB640165D446 /* Build configuration list for PBXNativeTarget "WorkoutTracker" */;
			buildPhases = (
				F26A043336E64F6B17388847 /* Sources */,
				E54EDE7918B4F355385CF221 /* Resources */,
				FDEF0D644E81991E7EB34259 /* Embed Foundation Extensions */,
			);
			buildRules = (
			);
			dependencies = (
				D0C1BDAE09DFE1490453B546 /* PBXTargetDependency */,
			);
			name = WorkoutTracker;
			packageProductDependencies = (
			);
			productName = WorkoutTracker;
			productReference = 435A665E1EE8F8F82EA527B3 /* WorkoutTracker.app */;
			productType = "com.apple.product-type.application";
		};
		707D9FED1E17B39EF52E62EF /* WorkoutTrackerTests */ = {
			isa = PBXNativeTarget;
			buildConfigurationList = 112811EE4A198E2F64C6E268 /* Build configuration list for PBXNativeTarget "WorkoutTrackerTests" */;
			buildPhases = (
				E98FB6DCF05A192EB2634FA9 /* Sources */,
			);
			buildRules = (
			);
			dependencies = (
				5E078775E2ED79863DC9FB89 /* PBXTargetDependency */,
			);
			name = WorkoutTrackerTests;
			packageProductDependencies = (
			);
			productName = WorkoutTrackerTests;
			productReference = CFB89BA958473D4799209DE5 /* WorkoutTrackerTests.xctest */;
			productType = "com.apple.product-type.bundle.unit-test";
		};
		D38A61E76CE75DC580E3EA43 /* WorkoutTrackerWidgetExtension */ = {
			isa = PBXNativeTarget;
			buildConfigurationList = DEC559C1BC9B12ABC9D7F305 /* Build configuration list for PBXNativeTarget "WorkoutTrackerWidgetExtension" */;
			buildPhases = (
				1748B478EC2B2D9F7B5CABED /* Sources */,
			);
			buildRules = (
			);
			dependencies = (
			);
			name = WorkoutTrackerWidgetExtension;
			packageProductDependencies = (
			);
			productName = WorkoutTrackerWidgetExtension;
			productReference = 196DE07C1952880E53D3CF14 /* WorkoutTrackerWidgetExtension.appex */;
			productType = "com.apple.product-type.app-extension";
		};
/* End PBXNativeTarget section */

/* Begin PBXProject section */
		911E322F47B92A6FA8D976C0 /* Project object */ = {
			isa = PBXProject;
			attributes = {
				BuildIndependentTargetsInParallel = YES;
				LastUpgradeCheck = 1430;
				TargetAttributes = {
					6467659005103B3F100F0D23 = {
						DevelopmentTeam = XK6F49MN8K;
						ProvisioningStyle = Automatic;
					};
					707D9FED1E17B39EF52E62EF = {
						DevelopmentTeam = XK6F49MN8K;
						ProvisioningStyle = Automatic;
					};
					D38A61E76CE75DC580E3EA43 = {
						DevelopmentTeam = XK6F49MN8K;
						ProvisioningStyle = Automatic;
					};
				};
			};
			buildConfigurationList = 03482D008CB47D3EED63543D /* Build configuration list for PBXProject "WorkoutTracker" */;
			developmentRegion = en;
			hasScannedForEncodings = 0;
			knownRegions = (
				Base,
				en,
			);
			mainGroup = AD6248B3D6F5FB51D1B71926;
			minimizedProjectReferenceProxies = 1;
			preferredProjectObjectVersion = 77;
			productRefGroup = C91759DD6A5BDB578F6ECD07 /* Products */;
			projectDirPath = "";
			projectRoot = "";
			targets = (
				6467659005103B3F100F0D23 /* WorkoutTracker */,
				D38A61E76CE75DC580E3EA43 /* WorkoutTrackerWidgetExtension */,
				707D9FED1E17B39EF52E62EF /* WorkoutTrackerTests */,
			);
		};
/* End PBXProject section */

/* Begin PBXResourcesBuildPhase section */
		E54EDE7918B4F355385CF221 /* Resources */ = {
			isa = PBXResourcesBuildPhase;
			buildActionMask = 2147483647;
			files = (
				788EBD095ACFD0CF48BDA4EE /* Assets.xcassets in Resources */,
				4420886574003F9F36C9BC08 /* Manrope-Variable.ttf in Resources */,
			);
			runOnlyForDeploymentPostprocessing = 0;
		};
/* End PBXResourcesBuildPhase section */

/* Begin PBXSourcesBuildPhase section */
		1748B478EC2B2D9F7B5CABED /* Sources */ = {
			isa = PBXSourcesBuildPhase;
			buildActionMask = 2147483647;
			files = (
				22F26BFBD0C9E9A9DF9BA0D6 /* AdaptiveHeatmapGrid.swift in Sources */,
				66E1ABCF21B5B6F336CC1831 /* Colors.swift in Sources */,
				B8175D34170F4AED1F8CBAED /* DayCount.swift in Sources */,
				D14F76CF0A2596E87EF9CE57 /* HeatmapColorMapping.swift in Sources */,
				7B64ECAD42DF9158C32821EB /* HeatmapWidget.swift in Sources */,
				AA52FDAFE04499408FD0C528 /* NextWorkoutWidget.swift in Sources */,
				A4C43683782002D6FC99AC11 /* SetProgressBar.swift in Sources */,
				1AD63803A1949004C42C58DE /* WidgetSnapshotStore.swift in Sources */,
				D97B4539235372D08AB63509 /* WorkoutSessionActivityAttributes.swift in Sources */,
				7A0F859389A5BE397B2B7E22 /* WorkoutSessionLiveActivity.swift in Sources */,
				5F856985D9B4F3625CA862C4 /* WorkoutTrackerWidgetBundle.swift in Sources */,
			);
			runOnlyForDeploymentPostprocessing = 0;
		};
		E98FB6DCF05A192EB2634FA9 /* Sources */ = {
			isa = PBXSourcesBuildPhase;
			buildActionMask = 2147483647;
			files = (
				3D5F4136353AE670B442E7A0 /* ChallengeTests.swift in Sources */,
				0C490A53F9A4BA14532BD19B /* HealthKitActivityMappingTests.swift in Sources */,
				81735A612B39CBBC0E8E5FFF /* HealthKitImportViewModelTests.swift in Sources */,
				3C7B4987189BE0A352677B1E /* LiveActivityContentStateTests.swift in Sources */,
				841BAEB43230CD3A4932A96B /* MockHealthKitService.swift in Sources */,
				7DA113EB04A7519368820467 /* ModelTests.swift in Sources */,
				256369B8CCAFACD807EDC18A /* SettingsViewModelTests.swift in Sources */,
				EAB5907339D101CCC12CDBCD /* TestSupport.swift in Sources */,
				505F860F5C821895B0A70801 /* WidgetSnapshotWritingTests.swift in Sources */,
				86B8F5AFCA6F760E0A9FA220 /* WorkoutEditorViewModelTests.swift in Sources */,
				07016E310FA677ABFA070E29 /* WorkoutSessionViewModelTests.swift in Sources */,
			);
			runOnlyForDeploymentPostprocessing = 0;
		};
		F26A043336E64F6B17388847 /* Sources */ = {
			isa = PBXSourcesBuildPhase;
			buildActionMask = 2147483647;
			files = (
				E6C0AF7195A0B2DA6C259EFF /* ActiveExerciseCard.swift in Sources */,
				C7303B7C33E99CEE63D8BD81 /* ActivityType.swift in Sources */,
				7329850F9DE32881C2E98817 /* ChallengeCatalogRow.swift in Sources */,
				59FDD48D09918595E35632CF /* ChallengeEnrollmentCard.swift in Sources */,
				EB968A728441404991A81F55 /* ChallengeInsights.swift in Sources */,
				F1DE5D7259A4DBFFDAD8108E /* ChallengeProgressMaterialization.swift in Sources */,
				0C8D31B77C850D8149ECA4BA /* ChallengeSeeder.swift in Sources */,
				EF319B063554676C3F9EBB82 /* ChallengeType.swift in Sources */,
				F60CE417EDDFF11B6F52C831 /* ChallengesView.swift in Sources */,
				26F1AF50F0B4F0295B11177F /* ChallengesViewModel.swift in Sources */,
				3A44E88F5141E0D29BD98168 /* CollapsedExerciseRow.swift in Sources */,
				376A7EA1D82D59E1876E3656 /* Colors.swift in Sources */,
				BA532A5A6FA98C950510B2D2 /* ContentView.swift in Sources */,
				91EB7932AB3CAF8862687CA5 /* ContributionHeatmapView.swift in Sources */,
				7740FF94DD6F668BD9A0D46B /* DSButton.swift in Sources */,
				BB62661FAAE1B72D8962E38C /* DSCard.swift in Sources */,
				16CA9B3E7897F334C530FE37 /* DSChip.swift in Sources */,
				8AA6E817B6D2EABE5148B3F9 /* DSIcon.swift in Sources */,
				70839D0DD6C394334055685D /* DSProgressRing.swift in Sources */,
				FC06A2916137B2FF15CB4C33 /* DSStatTile.swift in Sources */,
				2C449E0656F4E38627819062 /* DSWashedScreen.swift in Sources */,
				892F01CA31F655F540AA165E /* DSWheelPickerField.swift in Sources */,
				7B38F4CD3609B10CB7FDAADE /* DashboardView.swift in Sources */,
				3A38F61FE9A5BF61D7246ECC /* DayCount.swift in Sources */,
				8805E4EC7C08754C6B7D8E03 /* DurationFormatting.swift in Sources */,
				0534DEB0A7B091EF9D597E2D /* ExercisePickerView.swift in Sources */,
				EDEBD13ED80684980689CFA4 /* ExerciseSeeder.swift in Sources */,
				E04240F65A3A60E5ED72E7CE /* HealthKitActivityMapping.swift in Sources */,
				AF7DCDEFC2EC5545DAD794BA /* HealthKitImportView.swift in Sources */,
				B3294B03E1D552B81787BA11 /* HealthKitImportViewModel.swift in Sources */,
				798C53DD2E5E3EC27DA6DABB /* HealthKitService.swift in Sources */,
				18E2E9DFD3340078BDE80B3C /* HealthKitServicing.swift in Sources */,
				1FC97B8CA44D1ADAC79087AC /* HeatmapColorMapping.swift in Sources */,
				84DE745B11CF1FF871AB6633 /* Motion.swift in Sources */,
				FE6612CD8E1F8DF7EF79473D /* MuscleGroup.swift in Sources */,
				C6B55FD643A9DFDD73CB881A /* PersonalRecordDetection.swift in Sources */,
				64BDFFF7D9773659541DCF26 /* PreviousSessionComparisonCard.swift in Sources */,
				9186A9CBEAE3172BC2EFC7E6 /* Radius.swift in Sources */,
				5B05AF44995CBDE1C540B224 /* RecentPersonalRecordsList.swift in Sources */,
				719DE629A492A528654F4E66 /* RestTimerView.swift in Sources */,
				1B26CD96147CFB25AEE922EF /* SchemaV1+Challenge.swift in Sources */,
				9558B41037B60059FF2943B1 /* SchemaV1+ChallengeEnrollment.swift in Sources */,
				8B1FBD586804CBB859155AAC /* SchemaV1+ChallengeProgressEntry.swift in Sources */,
				576C74D76FD15C96406A071C /* SchemaV1+Exercise.swift in Sources */,
				64634F6E6D02534E49106609 /* SchemaV1+PersonalRecord.swift in Sources */,
				88DC40707F734AD75623A9BF /* SchemaV1+PlannedExercise.swift in Sources */,
				82B13A19C7630DC6C4EA1754 /* SchemaV1+PlannedSegment.swift in Sources */,
				4B3D3245C376BA77C6C26FC0 /* SchemaV1+SegmentLog.swift in Sources */,
				78396EA19321DF3BC4ECD8D3 /* SchemaV1+SetLog.swift in Sources */,
				EE17AC9D900894DCB00696A4 /* SchemaV1+Workout.swift in Sources */,
				F633E3C6B0BCC4B8FFD410AB /* SchemaV1+WorkoutProgram.swift in Sources */,
				FC2A1C47350BAC204499A4CE /* SchemaV1+WorkoutSession.swift in Sources */,
				D252ABF7F32493AA02122785 /* SchemaV1.swift in Sources */,
				212F585BF5CB5276C80D7D3B /* SessionSource.swift in Sources */,
				5CF12E38399B2859CE23FFA7 /* SetRow.swift in Sources */,
				ED1A3B0AC65B39F7CC9E7C35 /* SetValueField.swift in Sources */,
				3637546AEBCF53152FE3DD46 /* SettingsView.swift in Sources */,
				FFEEE90952C7E58A0904FC10 /* SettingsViewModel.swift in Sources */,
				36509339400CDE1354BB0046 /* Spacing.swift in Sources */,
				E7BDBFCA03473DE6249CEBF9 /* TopVolumeList.swift in Sources */,
				BEF45BFD17E714BF734923FB /* Typography.swift in Sources */,
				3ADA74B9DC1C46AD31E8D6AB /* WeeklyReviewChart.swift in Sources */,
				10500915DEE65D72DBB95136 /* WidgetSnapshotRefresher.swift in Sources */,
				336A1D0735464967A016447D /* WidgetSnapshotStore.swift in Sources */,
				4118E98D88D5C13C4C335D06 /* WorkoutDetailView.swift in Sources */,
				4D8513FB31BA55FB1B7C0D03 /* WorkoutEditorView.swift in Sources */,
				90F9C5DBC6A64970ED281D61 /* WorkoutEditorViewModel.swift in Sources */,
				EC523F2A35EC23B113128E4B /* WorkoutFeedbackView.swift in Sources */,
				55E521C3F8E44740B3D58CFF /* WorkoutPickerView.swift in Sources */,
				FEA764A1CC2B82728BEC2A7F /* WorkoutProgramDetailView.swift in Sources */,
				5B20E8B882BB43821803125D /* WorkoutProgramEditorView.swift in Sources */,
				9C9B579DFC867DF46F6AB114 /* WorkoutProgramEditorViewModel.swift in Sources */,
				14377C4B9CB8913795C69422 /* WorkoutProgramNextEntry.swift in Sources */,
				5C8389CB515CC1FF7C411342 /* WorkoutSessionActivityAttributes.swift in Sources */,
				23B277DCFFDEFB6DD4ADFE94 /* WorkoutSessionFormatting.swift in Sources */,
				68C42F5BFCB2A59D0286F8AF /* WorkoutSessionView.swift in Sources */,
				F2A0F97205C56E395A495F90 /* WorkoutSessionViewModel.swift in Sources */,
				E8F14E95FDFED307B2DC2042 /* WorkoutTrackerApp.swift in Sources */,
				B7C4F52D069105B3E8F499E4 /* WorkoutTrackerMigrationPlan.swift in Sources */,
				39741D38A48D0038B4D4F34F /* WorkoutsView.swift in Sources */,
			);
			runOnlyForDeploymentPostprocessing = 0;
		};
/* End PBXSourcesBuildPhase section */

/* Begin PBXTargetDependency section */
		5E078775E2ED79863DC9FB89 /* PBXTargetDependency */ = {
			isa = PBXTargetDependency;
			target = 6467659005103B3F100F0D23 /* WorkoutTracker */;
			targetProxy = 321DAC34C285EC82241507C6 /* PBXContainerItemProxy */;
		};
		D0C1BDAE09DFE1490453B546 /* PBXTargetDependency */ = {
			isa = PBXTargetDependency;
			target = D38A61E76CE75DC580E3EA43 /* WorkoutTrackerWidgetExtension */;
			targetProxy = 3A4001A45C1070E9190A1A47 /* PBXContainerItemProxy */;
		};
/* End PBXTargetDependency section */

/* Begin XCBuildConfiguration section */
		0985F3CA67B51946169F4DD9 /* Debug */ = {
			isa = XCBuildConfiguration;
			buildSettings = {
				ASSETCATALOG_COMPILER_APPICON_NAME = AppIcon;
				ASSETCATALOG_COMPILER_GLOBAL_ACCENT_COLOR_NAME = AccentColor;
				CODE_SIGN_ENTITLEMENTS = WorkoutTracker/WorkoutTracker.entitlements;
				CODE_SIGN_IDENTITY = "iPhone Developer";
				INFOPLIST_FILE = WorkoutTracker/Info.plist;
				LD_RUNPATH_SEARCH_PATHS = (
					"$(inherited)",
					"@executable_path/Frameworks",
				);
				PRODUCT_BUNDLE_IDENTIFIER = com.qerim.dlamsd02.workouttracker;
				SDKROOT = iphoneos;
				TARGETED_DEVICE_FAMILY = 1;
			};
			name = Debug;
		};
		3379DF5D3BE6900F3F02981D /* Release */ = {
			isa = XCBuildConfiguration;
			buildSettings = {
				BUNDLE_LOADER = "$(TEST_HOST)";
				GENERATE_INFOPLIST_FILE = YES;
				LD_RUNPATH_SEARCH_PATHS = (
					"$(inherited)",
					"@executable_path/Frameworks",
					"@loader_path/Frameworks",
				);
				PRODUCT_BUNDLE_IDENTIFIER = com.qerim.dlamsd02.WorkoutTrackerTests;
				SDKROOT = iphoneos;
				SWIFT_VERSION = 6.0;
				TARGETED_DEVICE_FAMILY = "1,2";
				TEST_HOST = "$(BUILT_PRODUCTS_DIR)/WorkoutTracker.app/WorkoutTracker";
			};
			name = Release;
		};
		6E3F87F2AD9F226140EF7BB7 /* Debug */ = {
			isa = XCBuildConfiguration;
			buildSettings = {
				CODE_SIGN_ENTITLEMENTS = WorkoutTrackerWidget/WorkoutTrackerWidgetExtension.entitlements;
				INFOPLIST_FILE = WorkoutTrackerWidget/Info.plist;
				LD_RUNPATH_SEARCH_PATHS = (
					"$(inherited)",
					"@executable_path/Frameworks",
					"@executable_path/../../Frameworks",
				);
				PRODUCT_BUNDLE_IDENTIFIER = com.qerim.dlamsd02.workouttracker.WidgetExtension;
				SDKROOT = iphoneos;
				SKIP_INSTALL = YES;
				TARGETED_DEVICE_FAMILY = 1;
			};
			name = Debug;
		};
		8EBE64E8BA6EAC5943905B78 /* Release */ = {
			isa = XCBuildConfiguration;
			buildSettings = {
				ALWAYS_SEARCH_USER_PATHS = NO;
				CLANG_ANALYZER_NONNULL = YES;
				CLANG_ANALYZER_NUMBER_OBJECT_CONVERSION = YES_AGGRESSIVE;
				CLANG_CXX_LANGUAGE_STANDARD = "gnu++14";
				CLANG_CXX_LIBRARY = "libc++";
				CLANG_ENABLE_MODULES = YES;
				CLANG_ENABLE_OBJC_ARC = YES;
				CLANG_ENABLE_OBJC_WEAK = YES;
				CLANG_WARN_BLOCK_CAPTURE_AUTORELEASING = YES;
				CLANG_WARN_BOOL_CONVERSION = YES;
				CLANG_WARN_COMMA = YES;
				CLANG_WARN_CONSTANT_CONVERSION = YES;
				CLANG_WARN_DEPRECATED_OBJC_IMPLEMENTATIONS = YES;
				CLANG_WARN_DIRECT_OBJC_ISA_USAGE = YES_ERROR;
				CLANG_WARN_DOCUMENTATION_COMMENTS = YES;
				CLANG_WARN_EMPTY_BODY = YES;
				CLANG_WARN_ENUM_CONVERSION = YES;
				CLANG_WARN_INFINITE_RECURSION = YES;
				CLANG_WARN_INT_CONVERSION = YES;
				CLANG_WARN_NON_LITERAL_NULL_CONVERSION = YES;
				CLANG_WARN_OBJC_IMPLICIT_RETAIN_SELF = YES;
				CLANG_WARN_OBJC_LITERAL_CONVERSION = YES;
				CLANG_WARN_OBJC_ROOT_CLASS = YES_ERROR;
				CLANG_WARN_QUOTED_INCLUDE_IN_FRAMEWORK_HEADER = YES;
				CLANG_WARN_RANGE_LOOP_ANALYSIS = YES;
				CLANG_WARN_STRICT_PROTOTYPES = YES;
				CLANG_WARN_SUSPICIOUS_MOVE = YES;
				CLANG_WARN_UNGUARDED_AVAILABILITY = YES_AGGRESSIVE;
				CLANG_WARN_UNREACHABLE_CODE = YES;
				CLANG_WARN__DUPLICATE_METHOD_MATCH = YES;
				CODE_SIGN_STYLE = Automatic;
				COPY_PHASE_STRIP = NO;
				DEBUG_INFORMATION_FORMAT = "dwarf-with-dsym";
				DEVELOPMENT_TEAM = XK6F49MN8K;
				ENABLE_NS_ASSERTIONS = NO;
				ENABLE_STRICT_OBJC_MSGSEND = YES;
				GCC_C_LANGUAGE_STANDARD = gnu11;
				GCC_NO_COMMON_BLOCKS = YES;
				GCC_WARN_64_TO_32_BIT_CONVERSION = YES;
				GCC_WARN_ABOUT_RETURN_TYPE = YES_ERROR;
				GCC_WARN_UNDECLARED_SELECTOR = YES;
				GCC_WARN_UNINITIALIZED_AUTOS = YES_AGGRESSIVE;
				GCC_WARN_UNUSED_FUNCTION = YES;
				GCC_WARN_UNUSED_VARIABLE = YES;
				IPHONEOS_DEPLOYMENT_TARGET = 26.0;
				MTL_ENABLE_DEBUG_INFO = NO;
				MTL_FAST_MATH = YES;
				PRODUCT_NAME = "$(TARGET_NAME)";
				SDKROOT = iphoneos;
				SWIFT_COMPILATION_MODE = wholemodule;
				SWIFT_OPTIMIZATION_LEVEL = "-O";
				SWIFT_VERSION = 6.0;
			};
			name = Release;
		};
		9F6BE7A8AD67519ADA37DD6E /* Release */ = {
			isa = XCBuildConfiguration;
			buildSettings = {
				CODE_SIGN_ENTITLEMENTS = WorkoutTrackerWidget/WorkoutTrackerWidgetExtension.entitlements;
				INFOPLIST_FILE = WorkoutTrackerWidget/Info.plist;
				LD_RUNPATH_SEARCH_PATHS = (
					"$(inherited)",
					"@executable_path/Frameworks",
					"@executable_path/../../Frameworks",
				);
				PRODUCT_BUNDLE_IDENTIFIER = com.qerim.dlamsd02.workouttracker.WidgetExtension;
				SDKROOT = iphoneos;
				SKIP_INSTALL = YES;
				TARGETED_DEVICE_FAMILY = 1;
			};
			name = Release;
		};
		AEE3406817DDC3CF727D4818 /* Release */ = {
			isa = XCBuildConfiguration;
			buildSettings = {
				ASSETCATALOG_COMPILER_APPICON_NAME = AppIcon;
				ASSETCATALOG_COMPILER_GLOBAL_ACCENT_COLOR_NAME = AccentColor;
				CODE_SIGN_ENTITLEMENTS = WorkoutTracker/WorkoutTracker.entitlements;
				CODE_SIGN_IDENTITY = "iPhone Developer";
				INFOPLIST_FILE = WorkoutTracker/Info.plist;
				LD_RUNPATH_SEARCH_PATHS = (
					"$(inherited)",
					"@executable_path/Frameworks",
				);
				PRODUCT_BUNDLE_IDENTIFIER = com.qerim.dlamsd02.workouttracker;
				SDKROOT = iphoneos;
				TARGETED_DEVICE_FAMILY = 1;
			};
			name = Release;
		};
		BE08E80469AD6F14E590565E /* Debug */ = {
			isa = XCBuildConfiguration;
			buildSettings = {
				ALWAYS_SEARCH_USER_PATHS = NO;
				CLANG_ANALYZER_NONNULL = YES;
				CLANG_ANALYZER_NUMBER_OBJECT_CONVERSION = YES_AGGRESSIVE;
				CLANG_CXX_LANGUAGE_STANDARD = "gnu++14";
				CLANG_CXX_LIBRARY = "libc++";
				CLANG_ENABLE_MODULES = YES;
				CLANG_ENABLE_OBJC_ARC = YES;
				CLANG_ENABLE_OBJC_WEAK = YES;
				CLANG_WARN_BLOCK_CAPTURE_AUTORELEASING = YES;
				CLANG_WARN_BOOL_CONVERSION = YES;
				CLANG_WARN_COMMA = YES;
				CLANG_WARN_CONSTANT_CONVERSION = YES;
				CLANG_WARN_DEPRECATED_OBJC_IMPLEMENTATIONS = YES;
				CLANG_WARN_DIRECT_OBJC_ISA_USAGE = YES_ERROR;
				CLANG_WARN_DOCUMENTATION_COMMENTS = YES;
				CLANG_WARN_EMPTY_BODY = YES;
				CLANG_WARN_ENUM_CONVERSION = YES;
				CLANG_WARN_INFINITE_RECURSION = YES;
				CLANG_WARN_INT_CONVERSION = YES;
				CLANG_WARN_NON_LITERAL_NULL_CONVERSION = YES;
				CLANG_WARN_OBJC_IMPLICIT_RETAIN_SELF = YES;
				CLANG_WARN_OBJC_LITERAL_CONVERSION = YES;
				CLANG_WARN_OBJC_ROOT_CLASS = YES_ERROR;
				CLANG_WARN_QUOTED_INCLUDE_IN_FRAMEWORK_HEADER = YES;
				CLANG_WARN_RANGE_LOOP_ANALYSIS = YES;
				CLANG_WARN_STRICT_PROTOTYPES = YES;
				CLANG_WARN_SUSPICIOUS_MOVE = YES;
				CLANG_WARN_UNGUARDED_AVAILABILITY = YES_AGGRESSIVE;
				CLANG_WARN_UNREACHABLE_CODE = YES;
				CLANG_WARN__DUPLICATE_METHOD_MATCH = YES;
				CODE_SIGN_STYLE = Automatic;
				COPY_PHASE_STRIP = NO;
				DEBUG_INFORMATION_FORMAT = dwarf;
				DEVELOPMENT_TEAM = XK6F49MN8K;
				ENABLE_STRICT_OBJC_MSGSEND = YES;
				ENABLE_TESTABILITY = YES;
				GCC_C_LANGUAGE_STANDARD = gnu11;
				GCC_DYNAMIC_NO_PIC = NO;
				GCC_NO_COMMON_BLOCKS = YES;
				GCC_OPTIMIZATION_LEVEL = 0;
				GCC_PREPROCESSOR_DEFINITIONS = (
					"$(inherited)",
					"DEBUG=1",
				);
				GCC_WARN_64_TO_32_BIT_CONVERSION = YES;
				GCC_WARN_ABOUT_RETURN_TYPE = YES_ERROR;
				GCC_WARN_UNDECLARED_SELECTOR = YES;
				GCC_WARN_UNINITIALIZED_AUTOS = YES_AGGRESSIVE;
				GCC_WARN_UNUSED_FUNCTION = YES;
				GCC_WARN_UNUSED_VARIABLE = YES;
				IPHONEOS_DEPLOYMENT_TARGET = 26.0;
				MTL_ENABLE_DEBUG_INFO = INCLUDE_SOURCE;
				MTL_FAST_MATH = YES;
				ONLY_ACTIVE_ARCH = YES;
				PRODUCT_NAME = "$(TARGET_NAME)";
				SDKROOT = iphoneos;
				SWIFT_ACTIVE_COMPILATION_CONDITIONS = DEBUG;
				SWIFT_OPTIMIZATION_LEVEL = "-Onone";
				SWIFT_VERSION = 6.0;
			};
			name = Debug;
		};
		F8439DD4E529FE950766AE7E /* Debug */ = {
			isa = XCBuildConfiguration;
			buildSettings = {
				BUNDLE_LOADER = "$(TEST_HOST)";
				GENERATE_INFOPLIST_FILE = YES;
				LD_RUNPATH_SEARCH_PATHS = (
					"$(inherited)",
					"@executable_path/Frameworks",
					"@loader_path/Frameworks",
				);
				PRODUCT_BUNDLE_IDENTIFIER = com.qerim.dlamsd02.WorkoutTrackerTests;
				SDKROOT = iphoneos;
				SWIFT_VERSION = 6.0;
				TARGETED_DEVICE_FAMILY = "1,2";
				TEST_HOST = "$(BUILT_PRODUCTS_DIR)/WorkoutTracker.app/WorkoutTracker";
			};
			name = Debug;
		};
/* End XCBuildConfiguration section */

/* Begin XCConfigurationList section */
		03482D008CB47D3EED63543D /* Build configuration list for PBXProject "WorkoutTracker" */ = {
			isa = XCConfigurationList;
			buildConfigurations = (
				BE08E80469AD6F14E590565E /* Debug */,
				8EBE64E8BA6EAC5943905B78 /* Release */,
			);
			defaultConfigurationIsVisible = 0;
			defaultConfigurationName = Debug;
		};
		112811EE4A198E2F64C6E268 /* Build configuration list for PBXNativeTarget "WorkoutTrackerTests" */ = {
			isa = XCConfigurationList;
			buildConfigurations = (
				F8439DD4E529FE950766AE7E /* Debug */,
				3379DF5D3BE6900F3F02981D /* Release */,
			);
			defaultConfigurationIsVisible = 0;
			defaultConfigurationName = Debug;
		};
		5A9C28BF88DEAB640165D446 /* Build configuration list for PBXNativeTarget "WorkoutTracker" */ = {
			isa = XCConfigurationList;
			buildConfigurations = (
				0985F3CA67B51946169F4DD9 /* Debug */,
				AEE3406817DDC3CF727D4818 /* Release */,
			);
			defaultConfigurationIsVisible = 0;
			defaultConfigurationName = Debug;
		};
		DEC559C1BC9B12ABC9D7F305 /* Build configuration list for PBXNativeTarget "WorkoutTrackerWidgetExtension" */ = {
			isa = XCConfigurationList;
			buildConfigurations = (
				6E3F87F2AD9F226140EF7BB7 /* Debug */,
				9F6BE7A8AD67519ADA37DD6E /* Release */,
			);
			defaultConfigurationIsVisible = 0;
			defaultConfigurationName = Debug;
		};
/* End XCConfigurationList section */
	};
	rootObject = 911E322F47B92A6FA8D976C0 /* Project object */;
}
